# This file is automatically @generated by Poetry 1.7.1 and should not be changed by hand.

[[package]]
name = "asgiref"
version = "3.8.1"
description = "ASGI specs, helper code, and adapters"
optional = false
python-versions = ">=3.8"
files = [
    {file = "asgiref-3.8.1-py3-none-any.whl", hash = "sha256:3e1e3ecc849832fe52ccf2cb6686b7a55f82bb1d6aee72a58826471390335e47"},
    {file = "asgiref-3.8.1.tar.gz", hash = "sha256:c343bd80a0bec947a9860adb4c432ffa7db769836c64238fc34bdc3fec84d590"},
]

[package.extras]
tests = ["mypy (>=0.800)", "pytest", "pytest-asyncio"]

[[package]]
name = "django"
version = "5.1.2"
description = "A high-level Python web framework that encourages rapid development and clean, pragmatic design."
optional = false
python-versions = ">=3.10"
files = [
    {file = "Django-5.1.2-py3-none-any.whl", hash = "sha256:f11aa87ad8d5617171e3f77e1d5d16f004b79a2cf5d2e1d2b97a6a1f8e9ba5ed"},
    {file = "Django-5.1.2.tar.gz", hash = "sha256:bd7376f90c99f96b643722eee676498706c9fd7dc759f55ebfaf2c08ebcdf4f0"},
]

[package.dependencies]
asgiref = ">=3.8.1,<4"
sqlparse = ">=0.3.1"
tzdata = {version = "*", markers = "sys_platform == \"win32\""}

[package.extras]
argon2 = ["argon2-cffi (>=19.1.0)"]
bcrypt = ["bcrypt"]

[[package]]
name = "graphene"
version = "3.4"
description = "GraphQL Framework for Python"
optional = false
python-versions = "*"
files = [
    {file = "graphene-3.4-py2.py3-none-any.whl", hash = "sha256:28bf359b802cdb808130a5521135d4c88a262564598cfdc91628d2c172b99dce"},
    {file = "graphene-3.4.tar.gz", hash = "sha256:65e5ec84c5b7fb4fc41518acfbafb62ebb393d3982fbba00cd5393e431a80b97"},
]

[package.dependencies]
graphql-core = ">=3.1,<3.3"
graphql-relay = ">=3.1,<3.3"
typing-extensions = ">=4.7.1,<5"

[package.extras]
dev = ["coveralls (>=3.3,<5)", "pytest (>=8,<9)", "pytest-asyncio (>=0.16,<2)", "pytest-benchmark (>=4,<5)", "pytest-cov (>=5,<6)", "pytest-mock (>=3,<4)", "ruff (==0.5.0)"]
test = ["coveralls (>=3.3,<5)", "pytest (>=8,<9)", "pytest-asyncio (>=0.16,<2)", "pytest-benchmark (>=4,<5)", "pytest-cov (>=5,<6)", "pytest-mock (>=3,<4)"]

[[package]]
name = "graphene-django"
version = "3.2.2"
description = "Graphene Django integration"
optional = false
python-versions = "*"
files = [
    {file = "graphene-django-3.2.2.tar.gz", hash = "sha256:059ccf25d9a5159f28d7ebf1a648c993ab34deb064e80b70ca096aa22a609556"},
    {file = "graphene_django-3.2.2-py2.py3-none-any.whl", hash = "sha256:0fd95c8c1cbe77ae2a5940045ce276803c3acbf200a156731e0c730f2776ae2c"},
]

[package.dependencies]
Django = ">=3.2"
graphene = ">=3.0,<4"
graphql-core = ">=3.1.0,<4"
graphql-relay = ">=3.1.1,<4"
promise = ">=2.1"
text-unidecode = "*"

[package.extras]
dev = ["coveralls", "django-filter (>=22.1)", "djangorestframework (>=3.6.3)", "mock", "pre-commit", "pytest (>=7.3.1)", "pytest-cov", "pytest-django (>=4.5.2)", "pytest-random-order", "pytz", "ruff (==0.1.2)"]
rest-framework = ["djangorestframework (>=3.6.3)"]
test = ["coveralls", "django-filter (>=22.1)", "djangorestframework (>=3.6.3)", "mock", "pytest (>=7.3.1)", "pytest-cov", "pytest-django (>=4.5.2)", "pytest-random-order", "pytz"]

[[package]]
name = "graphene-django-cud"
version = "0.13.0"
description = "Create, update and delete mutations for graphene-django"
optional = false
python-versions = "*"
files = [
    {file = "graphene_django_cud-0.13.0-py3-none-any.whl", hash = "sha256:6816884b75900282e24fc3105212fc191ccbc9ed6de43884d41565a4f7972e49"},
]

[package.dependencies]
graphene-django = ">=3.0"
graphene-file-upload = ">=1.2"

[[package]]
name = "graphene-file-upload"
version = "1.3.0"
description = "Lib for adding file upload functionality to GraphQL mutations in Graphene Django and Flask-Graphql"
optional = false
python-versions = "*"
files = [
    {file = "graphene_file_upload-1.3.0-py3-none-any.whl", hash = "sha256:5afe50f409f50e3d198fd92c883d98d868e6c6aaadf5df3a3f4d88ecad90ed97"},
    {file = "graphene_file_upload-1.3.0.tar.gz", hash = "sha256:6898480b0556826472c80971032917c01968ade5800d84054008fe598795b063"},
]

[package.dependencies]
six = ">=1.11.0"

[package.extras]
all = ["Flask (>=1.0.2)", "Flask-Graphql (>=2.0.0)", "graphene (>=2.1.2)", "graphene-django (>=2.0.0)"]
django = ["graphene-django (>=2.0.0)"]
flask = ["Flask (>=1.0.2)", "Flask-Graphql (>=2.0.0)", "graphene (>=2.1.2)"]
tests = ["coverage", "pytest", "pytest-cov", "pytest-django"]

[[package]]
name = "graphql-core"
version = "3.2.5"
description = "GraphQL implementation for Python, a port of GraphQL.js, the JavaScript reference implementation for GraphQL."
optional = false
python-versions = "<4,>=3.6"
files = [
    {file = "graphql_core-3.2.5-py3-none-any.whl", hash = "sha256:2f150d5096448aa4f8ab26268567bbfeef823769893b39c1a2e1409590939c8a"},
    {file = "graphql_core-3.2.5.tar.gz", hash = "sha256:e671b90ed653c808715645e3998b7ab67d382d55467b7e2978549111bbabf8d5"},
]

[[package]]
name = "graphql-relay"
version = "3.2.0"
description = "Relay library for graphql-core"
optional = false
python-versions = ">=3.6,<4"
files = [
    {file = "graphql-relay-3.2.0.tar.gz", hash = "sha256:1ff1c51298356e481a0be009ccdff249832ce53f30559c1338f22a0e0d17250c"},
    {file = "graphql_relay-3.2.0-py3-none-any.whl", hash = "sha256:c9b22bd28b170ba1fe674c74384a8ff30a76c8e26f88ac3aa1584dd3179953e5"},
]

[package.dependencies]
graphql-core = ">=3.2,<3.3"

[[package]]
name = "promise"
version = "2.3"
description = "Promises/A+ implementation for Python"
optional = false
python-versions = "*"
files = [
    {file = "promise-2.3.tar.gz", hash = "sha256:dfd18337c523ba4b6a58801c164c1904a9d4d1b1747c7d5dbf45b693a49d93d0"},
]

[package.dependencies]
six = "*"

[package.extras]
test = ["coveralls", "futures", "mock", "pytest (>=2.7.3)", "pytest-benchmark", "pytest-cov"]

[[package]]
name = "six"
version = "1.16.0"
description = "Python 2 and 3 compatibility utilities"
optional = false
python-versions = ">=2.7, !=3.0.*, !=3.1.*, !=3.2.*"
files = [
    {file = "six-1.16.0-py2.py3-none-any.whl", hash = "sha256:8abb2f1d86890a2dfb989f9a77cfcfd3e47c2a354b01111771326f8aa26e0254"},
    {file = "six-1.16.0.tar.gz", hash = "sha256:1e61c37477a1626458e36f7b1d82aa5c9b094fa4802892072e49de9c60c4c926"},
]

[[package]]
name = "sqlparse"
version = "0.5.1"
description = "A non-validating SQL parser."
optional = false
python-versions = ">=3.8"
files = [
    {file = "sqlparse-0.5.1-py3-none-any.whl", hash = "sha256:773dcbf9a5ab44a090f3441e2180efe2560220203dc2f8c0b0fa141e18b505e4"},
    {file = "sqlparse-0.5.1.tar.gz", hash = "sha256:bb6b4df465655ef332548e24f08e205afc81b9ab86cb1c45657a7ff173a3a00e"},
]

[package.extras]
dev = ["build", "hatch"]
doc = ["sphinx"]

[[package]]
name = "text-unidecode"
version = "1.3"
description = "The most basic Text::Unidecode port"
optional = false
python-versions = "*"
files = [
    {file = "text-unidecode-1.3.tar.gz", hash = "sha256:bad6603bb14d279193107714b288be206cac565dfa49aa5b105294dd5c4aab93"},
    {file = "text_unidecode-1.3-py2.py3-none-any.whl", hash = "sha256:1311f10e8b895935241623731c2ba64f4c455287888b18189350b67134a822e8"},
]

[[package]]
name = "typing-extensions"
version = "4.12.2"
description = "Backported and Experimental Type Hints for Python 3.8+"
optional = false
python-versions = ">=3.8"
files = [
    {file = "typing_extensions-4.12.2-py3-none-any.whl", hash = "sha256:04e5ca0351e0f3f85c6853954072df659d0d13fac324d0072316b67d7794700d"},
    {file = "typing_extensions-4.12.2.tar.gz", hash = "sha256:1a7ead55c7e559dd4dee8856e3a88b41225abfe1ce8df57b7c13915fe121ffb8"},
]

[[package]]
name = "tzdata"
version = "2024.2"
description = "Provider of IANA time zone data"
optional = false
python-versions = ">=2"
files = [
    {file = "tzdata-2024.2-py2.py3-none-any.whl", hash = "sha256:a48093786cdcde33cad18c2555e8532f34422074448fbc874186f0abd79565cd"},
    {file = "tzdata-2024.2.tar.gz", hash = "sha256:7d85cc416e9382e69095b7bdf4afd9e3880418a2413feec7069d533d6b4e31cc"},
]

[metadata]
lock-version = "2.0"
python-versions = "^3.12"
content-hash = "db242d7803ef185d0deeedfd7b02948a9aa9a7876684ce950fe4212b46148759"
